// !$*UTF8*$!
{
	archiveVersion = 1;
	classes = {
	};
	objectVersion = 46;
	objects = {

/* Begin PBXBuildFile section */
		842285D51D380EE100E88C36 /* main.m in Sources */ = {isa = PBXBuildFile; fileRef = 842285D41D380EE100E88C36 /* main.m */; };
		842285D81D380EE100E88C36 /* AppDelegate.m in Sources */ = {isa = PBXBuildFile; fileRef = 842285D71D380EE100E88C36 /* AppDelegate.m */; };
		842285DE1D380EE100E88C36 /* Main.storyboard in Resources */ = {isa = PBXBuildFile; fileRef = 842285DC1D380EE100E88C36 /* Main.storyboard */; };
		842285E01D380EE100E88C36 /* Assets.xcassets in Resources */ = {isa = PBXBuildFile; fileRef = 842285DF1D380EE100E88C36 /* Assets.xcassets */; };
		842285E31D380EE100E88C36 /* LaunchScreen.storyboard in Resources */ = {isa = PBXBuildFile; fileRef = 842285E11D380EE100E88C36 /* LaunchScreen.storyboard */; };
		842285FE1D3830BD00E88C36 /* LeftMenuViewController.m in Sources */ = {isa = PBXBuildFile; fileRef = 842285FD1D3830BD00E88C36 /* LeftMenuViewController.m */; };
		842286041D38310E00E88C36 /* MapViewController.m in Sources */ = {isa = PBXBuildFile; fileRef = 842286031D38310E00E88C36 /* MapViewController.m */; };
		842286091D3837EF00E88C36 /* animation.png in Resources */ = {isa = PBXBuildFile; fileRef = 842286051D3837EF00E88C36 /* animation.png */; };
		84658F111D38EDE4004EF3BB /* ShemeViewController.m in Sources */ = {isa = PBXBuildFile; fileRef = 84658F101D38EDE4004EF3BB /* ShemeViewController.m */; };
		84658F141D38EE93004EF3BB /* HybridViewController.m in Sources */ = {isa = PBXBuildFile; fileRef = 84658F131D38EE93004EF3BB /* HybridViewController.m */; };
		84B911811D38A659007FC071 /* menu-icon.jpg in Resources */ = {isa = PBXBuildFile; fileRef = 84B911801D38A659007FC071 /* menu-icon.jpg */; };
		84B911841D38A8E3007FC071 /* MainViewController.m in Sources */ = {isa = PBXBuildFile; fileRef = 84B911831D38A8E3007FC071 /* MainViewController.m */; };
		8F0D59C54E8DA428175B3468 /* Pods_iOSSlideMenuTestTask.framework in Frameworks */ = {isa = PBXBuildFile; fileRef = E985BC8A8E6F91151CE1B701 /* Pods_iOSSlideMenuTestTask.framework */; };
/* End PBXBuildFile section */

/* Begin PBXFileReference section */
		739BC50E1EAFB2DA0FBB04A5 /* Pods-iOSSlideMenuTestTask.release.xcconfig */ = {isa = PBXFileReference; includeInIndex = 1; lastKnownFileType = text.xcconfig; name = "Pods-iOSSlideMenuTestTask.release.xcconfig"; path = "Pods/Target Support Files/Pods-iOSSlideMenuTestTask/Pods-iOSSlideMenuTestTask.release.xcconfig"; sourceTree = "<group>"; };
		842285D01D380EE000E88C36 /* iOSSlideMenuTestTask.app */ = {isa = PBXFileReference; explicitFileType = wrapper.application; includeInIndex = 0; path = iOSSlideMenuTestTask.app; sourceTree = BUILT_PRODUCTS_DIR; };
		842285D41D380EE100E88C36 /* main.m */ = {isa = PBXFileReference; lastKnownFileType = sourcecode.c.objc; path = main.m; sourceTree = "<group>"; };
		842285D61D380EE100E88C36 /* AppDelegate.h */ = {isa = PBXFileReference; lastKnownFileType = sourcecode.c.h; path = AppDelegate.h; sourceTree = "<group>"; };
		842285D71D380EE100E88C36 /* AppDelegate.m */ = {isa = PBXFileReference; lastKnownFileType = sourcecode.c.objc; path = AppDelegate.m; sourceTree = "<group>"; };
		842285DD1D380EE100E88C36 /* Base */ = {isa = PBXFileReference; lastKnownFileType = file.storyboard; name = Base; path = Base.lproj/Main.storyboard; sourceTree = "<group>"; };
		842285DF1D380EE100E88C36 /* Assets.xcassets */ = {isa = PBXFileReference; lastKnownFileType = folder.assetcatalog; path = Assets.xcassets; sourceTree = "<group>"; };
		842285E21D380EE100E88C36 /* Base */ = {isa = PBXFileReference; lastKnownFileType = file.storyboard; name = Base; path = Base.lproj/LaunchScreen.storyboard; sourceTree = "<group>"; };
		842285E41D380EE100E88C36 /* Info.plist */ = {isa = PBXFileReference; lastKnownFileType = text.plist.xml; path = Info.plist; sourceTree = "<group>"; };
		842285FC1D3830BD00E88C36 /* LeftMenuViewController.h */ = {isa = PBXFileReference; fileEncoding = 4; lastKnownFileType = sourcecode.c.h; path = LeftMenuViewController.h; sourceTree = "<group>"; };
		842285FD1D3830BD00E88C36 /* LeftMenuViewController.m */ = {isa = PBXFileReference; fileEncoding = 4; lastKnownFileType = sourcecode.c.objc; path = LeftMenuViewController.m; sourceTree = "<group>"; };
		842286021D38310E00E88C36 /* MapViewController.h */ = {isa = PBXFileReference; fileEncoding = 4; lastKnownFileType = sourcecode.c.h; path = MapViewController.h; sourceTree = "<group>"; };
		842286031D38310E00E88C36 /* MapViewController.m */ = {isa = PBXFileReference; fileEncoding = 4; lastKnownFileType = sourcecode.c.objc; path = MapViewController.m; sourceTree = "<group>"; };
		842286051D3837EF00E88C36 /* animation.png */ = {isa = PBXFileReference; lastKnownFileType = image.png; name = animation.png; path = "../../../Downloads/iOS-Slide-Menu-master/SlideMenu/Images/animation.png"; sourceTree = "<group>"; };
		84658F0F1D38EDE4004EF3BB /* ShemeViewController.h */ = {isa = PBXFileReference; fileEncoding = 4; lastKnownFileType = sourcecode.c.h; path = ShemeViewController.h; sourceTree = "<group>"; };
		84658F101D38EDE4004EF3BB /* ShemeViewController.m */ = {isa = PBXFileReference; fileEncoding = 4; lastKnownFileType = sourcecode.c.objc; path = ShemeViewController.m; sourceTree = "<group>"; };
		84658F121D38EE93004EF3BB /* HybridViewController.h */ = {isa = PBXFileReference; fileEncoding = 4; lastKnownFileType = sourcecode.c.h; path = HybridViewController.h; sourceTree = "<group>"; };
		84658F131D38EE93004EF3BB /* HybridViewController.m */ = {isa = PBXFileReference; fileEncoding = 4; lastKnownFileType = sourcecode.c.objc; path = HybridViewController.m; sourceTree = "<group>"; };
		84B911801D38A659007FC071 /* menu-icon.jpg */ = {isa = PBXFileReference; lastKnownFileType = image.jpeg; name = "menu-icon.jpg"; path = "../../../Downloads/menu-icon.jpg"; sourceTree = "<group>"; };
		84B911821D38A8E3007FC071 /* MainViewController.h */ = {isa = PBXFileReference; fileEncoding = 4; lastKnownFileType = sourcecode.c.h; path = MainViewController.h; sourceTree = "<group>"; };
		84B911831D38A8E3007FC071 /* MainViewController.m */ = {isa = PBXFileReference; fileEncoding = 4; lastKnownFileType = sourcecode.c.objc; path = MainViewController.m; sourceTree = "<group>"; };
		C8267F323C9664DC632317C3 /* Pods-iOSSlideMenuTestTask.debug.xcconfig */ = {isa = PBXFileReference; includeInIndex = 1; lastKnownFileType = text.xcconfig; name = "Pods-iOSSlideMenuTestTask.debug.xcconfig"; path = "Pods/Target Support Files/Pods-iOSSlideMenuTestTask/Pods-iOSSlideMenuTestTask.debug.xcconfig"; sourceTree = "<group>"; };
		E985BC8A8E6F91151CE1B701 /* Pods_iOSSlideMenuTestTask.framework */ = {isa = PBXFileReference; explicitFileType = wrapper.framework; includeInIndex = 0; path = Pods_iOSSlideMenuTestTask.framework; sourceTree = BUILT_PRODUCTS_DIR; };
/* End PBXFileReference section */

/* Begin PBXFrameworksBuildPhase section */
		842285CD1D380EE000E88C36 /* Frameworks */ = {
			isa = PBXFrameworksBuildPhase;
			buildActionMask = 2147483647;
			files = (
				8F0D59C54E8DA428175B3468 /* Pods_iOSSlideMenuTestTask.framework in Frameworks */,
			);
			runOnlyForDeploymentPostprocessing = 0;
		};
/* End PBXFrameworksBuildPhase section */

/* Begin PBXGroup section */
		842285C71D380EE000E88C36 = {
			isa = PBXGroup;
			children = (
				842285D21D380EE100E88C36 /* iOSSlideMenuTestTask */,
				842285D11D380EE000E88C36 /* Products */,
				D238C9DBFFFC8B9EE56C2D4D /* Pods */,
				89CC0F35B7AF96CBFC33C48F /* Frameworks */,
			);
			sourceTree = "<group>";
		};
		842285D11D380EE000E88C36 /* Products */ = {
			isa = PBXGroup;
			children = (
				842285D01D380EE000E88C36 /* iOSSlideMenuTestTask.app */,
			);
			name = Products;
			sourceTree = "<group>";
		};
		842285D21D380EE100E88C36 /* iOSSlideMenuTestTask */ = {
			isa = PBXGroup;
			children = (
				842285D61D380EE100E88C36 /* AppDelegate.h */,
				842285D71D380EE100E88C36 /* AppDelegate.m */,
				842285DC1D380EE100E88C36 /* Main.storyboard */,
				842285DF1D380EE100E88C36 /* Assets.xcassets */,
				842285E11D380EE100E88C36 /* LaunchScreen.storyboard */,
				842285E41D380EE100E88C36 /* Info.plist */,
				842285D31D380EE100E88C36 /* Supporting Files */,
				842285FC1D3830BD00E88C36 /* LeftMenuViewController.h */,
				842285FD1D3830BD00E88C36 /* LeftMenuViewController.m */,
				842286021D38310E00E88C36 /* MapViewController.h */,
				842286031D38310E00E88C36 /* MapViewController.m */,
				84B911821D38A8E3007FC071 /* MainViewController.h */,
				84B911831D38A8E3007FC071 /* MainViewController.m */,
				84658F0F1D38EDE4004EF3BB /* ShemeViewController.h */,
				84658F101D38EDE4004EF3BB /* ShemeViewController.m */,
				84658F121D38EE93004EF3BB /* HybridViewController.h */,
				84658F131D38EE93004EF3BB /* HybridViewController.m */,
			);
			path = iOSSlideMenuTestTask;
			sourceTree = "<group>";
		};
		842285D31D380EE100E88C36 /* Supporting Files */ = {
			isa = PBXGroup;
			children = (
				84B911801D38A659007FC071 /* menu-icon.jpg */,
				842286051D3837EF00E88C36 /* animation.png */,
				842285D41D380EE100E88C36 /* main.m */,
			);
			name = "Supporting Files";
			sourceTree = "<group>";
		};
		89CC0F35B7AF96CBFC33C48F /* Frameworks */ = {
			isa = PBXGroup;
			children = (
				E985BC8A8E6F91151CE1B701 /* Pods_iOSSlideMenuTestTask.framework */,
			);
			name = Frameworks;
			sourceTree = "<group>";
		};
		D238C9DBFFFC8B9EE56C2D4D /* Pods */ = {
			isa = PBXGroup;
			children = (
				C8267F323C9664DC632317C3 /* Pods-iOSSlideMenuTestTask.debug.xcconfig */,
				739BC50E1EAFB2DA0FBB04A5 /* Pods-iOSSlideMenuTestTask.release.xcconfig */,
			);
			name = Pods;
			sourceTree = "<group>";
		};
/* End PBXGroup section */

/* Begin PBXNativeTarget section */
		842285CF1D380EE000E88C36 /* iOSSlideMenuTestTask */ = {
			isa = PBXNativeTarget;
			buildConfigurationList = 842285E71D380EE100E88C36 /* Build configuration list for PBXNativeTarget "iOSSlideMenuTestTask" */;
			buildPhases = (
				192CCF0BA2FDE525806B06AF /* [CP] Check Pods Manifest.lock */,
				842285CC1D380EE000E88C36 /* Sources */,
				842285CD1D380EE000E88C36 /* Frameworks */,
				842285CE1D380EE000E88C36 /* Resources */,
				CB5B2536ABF3F1397AFCC47E /* [CP] Embed Pods Frameworks */,
				C28068F44170C2D872540F3E /* [CP] Copy Pods Resources */,
			);
			buildRules = (
			);
			dependencies = (
			);
			name = iOSSlideMenuTestTask;
			productName = iOSSlideMenuTestTask;
			productReference = 842285D01D380EE000E88C36 /* iOSSlideMenuTestTask.app */;
			productType = "com.apple.product-type.application";
		};
/* End PBXNativeTarget section */

/* Begin PBXProject section */
		842285C81D380EE000E88C36 /* Project object */ = {
			isa = PBXProject;
			attributes = {
				LastUpgradeCheck = 0730;
				ORGANIZATIONNAME = Admin;
				TargetAttributes = {
					842285CF1D380EE000E88C36 = {
						CreatedOnToolsVersion = 7.3.1;
						DevelopmentTeam = 5VXERT4L4M;
					};
				};
			};
			buildConfigurationList = 842285CB1D380EE000E88C36 /* Build configuration list for PBXProject "iOSSlideMenuTestTask" */;
			compatibilityVersion = "Xcode 3.2";
			developmentRegion = English;
			hasScannedForEncodings = 0;
			knownRegions = (
				en,
				Base,
			);
			mainGroup = 842285C71D380EE000E88C36;
			productRefGroup = 842285D11D380EE000E88C36 /* Products */;
			projectDirPath = "";
			projectRoot = "";
			targets = (
				842285CF1D380EE000E88C36 /* iOSSlideMenuTestTask */,
			);
		};
/* End PBXProject section */

/* Begin PBXResourcesBuildPhase section */
		842285CE1D380EE000E88C36 /* Resources */ = {
			isa = PBXResourcesBuildPhase;
			buildActionMask = 2147483647;
			files = (
				842285E31D380EE100E88C36 /* LaunchScreen.storyboard in Resources */,
				842285E01D380EE100E88C36 /* Assets.xcassets in Resources */,
				842286091D3837EF00E88C36 /* animation.png in Resources */,
				842285DE1D380EE100E88C36 /* Main.storyboard in Resources */,
				84B911811D38A659007FC071 /* menu-icon.jpg in Resources */,
			);
			runOnlyForDeploymentPostprocessing = 0;
		};
/* End PBXResourcesBuildPhase section */

/* Begin PBXShellScriptBuildPhase section */
		192CCF0BA2FDE525806B06AF /* [CP] Check Pods Manifest.lock */ = {
			isa = PBXShellScriptBuildPhase;
			buildActionMask = 2147483647;
			files = (
			);
			inputPaths = (
			);
			name = "[CP] Check Pods Manifest.lock";
			outputPaths = (
			);
			runOnlyForDeploymentPostprocessing = 0;
			shellPath = /bin/sh;
			shellScript = "diff \"${PODS_ROOT}/../Podfile.lock\" \"${PODS_ROOT}/Manifest.lock\" > /dev/null\nif [[ $? != 0 ]] ; then\n    cat << EOM\nerror: The sandbox is not in sync with the Podfile.lock. Run 'pod install' or update your CocoaPods installation.\nEOM\n    exit 1\nfi\n";
			showEnvVarsInLog = 0;
		};
		C28068F44170C2D872540F3E /* [CP] Copy Pods Resources */ = {
			isa = PBXShellScriptBuildPhase;
			buildActionMask = 2147483647;
			files = (
			);
			inputPaths = (
			);
			name = "[CP] Copy Pods Resources";
			outputPaths = (
			);
			runOnlyForDeploymentPostprocessing = 0;
			shellPath = /bin/sh;
			shellScript = "\"${SRCROOT}/Pods/Target Support Files/Pods-iOSSlideMenuTestTask/Pods-iOSSlideMenuTestTask-resources.sh\"\n";
			showEnvVarsInLog = 0;
		};
		CB5B2536ABF3F1397AFCC47E /* [CP] Embed Pods Frameworks */ = {
			isa = PBXShellScriptBuildPhase;
			buildActionMask = 2147483647;
			files = (
			);
			inputPaths = (
			);
			name = "[CP] Embed Pods Frameworks";
			outputPaths = (
			);
			runOnlyForDeploymentPostprocessing = 0;
			shellPath = /bin/sh;
			shellScript = "\"${SRCROOT}/Pods/Target Support Files/Pods-iOSSlideMenuTestTask/Pods-iOSSlideMenuTestTask-frameworks.sh\"\n";
			showEnvVarsInLog = 0;
		};
/* End PBXShellScriptBuildPhase section */

/* Begin PBXSourcesBuildPhase section */
		842285CC1D380EE000E88C36 /* Sources */ = {
			isa = PBXSourcesBuildPhase;
			buildActionMask = 2147483647;
			files = (
				84658F111D38EDE4004EF3BB /* ShemeViewController.m in Sources */,
				842285D81D380EE100E88C36 /* AppDelegate.m in Sources */,
				84658F141D38EE93004EF3BB /* HybridViewController.m in Sources */,
				84B911841D38A8E3007FC071 /* MainViewController.m in Sources */,
				842285FE1D3830BD00E88C36 /* LeftMenuViewController.m in Sources */,
				842286041D38310E00E88C36 /* MapViewController.m in Sources */,
				842285D51D380EE100E88C36 /* main.m in Sources */,
			);
			runOnlyForDeploymentPostprocessing = 0;
		};
/* End PBXSourcesBuildPhase section */

/* Begin PBXVariantGroup section */
		842285DC1D380EE100E88C36 /* Main.storyboard */ = {
			isa = PBXVariantGroup;
			children = (
				842285DD1D380EE100E88C36 /* Base */,
			);
			name = Main.storyboard;
			sourceTree = "<group>";
		};
		842285E11D380EE100E88C36 /* LaunchScreen.storyboard */ = {
			isa = PBXVariantGroup;
			children = (
				842285E21D380EE100E88C36 /* Base */,
			);
			name = LaunchScreen.storyboard;
			sourceTree = "<group>";
		};
/* End PBXVariantGroup section */

/* Begin XCBuildConfiguration section */
		842285E51D380EE100E88C36 /* Debug */ = {
			isa = XCBuildConfiguration;
			buildSettings = {
				ALWAYS_SEARCH_USER_PATHS = NO;
				CLANG_ANALYZER_NONNULL = YES;
				CLANG_CXX_LANGUAGE_STANDARD = "gnu++0x";
				CLANG_CXX_LIBRARY = "libc++";
				CLANG_ENABLE_MODULES = YES;
				CLANG_ENABLE_OBJC_ARC = YES;
				CLANG_WARN_BOOL_CONVERSION = YES;
				CLANG_WARN_CONSTANT_CONVERSION = YES;
				CLANG_WARN_DIRECT_OBJC_ISA_USAGE = YES_ERROR;
				CLANG_WARN_EMPTY_BODY = YES;
				CLANG_WARN_ENUM_CONVERSION = YES;
				CLANG_WARN_INT_CONVERSION = YES;
				CLANG_WARN_OBJC_ROOT_CLASS = YES_ERROR;
				CLANG_WARN_UNREACHABLE_CODE = YES;
				CLANG_WARN__DUPLICATE_METHOD_MATCH = YES;
				"CODE_SIGN_IDENTITY[sdk=iphoneos*]" = "iPhone Developer";
				COPY_PHASE_STRIP = NO;
				DEBUG_INFORMATION_FORMAT = dwarf;
				ENABLE_STRICT_OBJC_MSGSEND = YES;
				ENABLE_TESTABILITY = YES;
				GCC_C_LANGUAGE_STANDARD = gnu99;
				GCC_DYNAMIC_NO_PIC = NO;
				GCC_NO_COMMON_BLOCKS = YES;
				GCC_OPTIMIZATION_LEVEL = 0;
				GCC_PREPROCESSOR_DEFINITIONS = (
					"DEBUG=1",
					"$(inherited)",
				);
				GCC_WARN_64_TO_32_BIT_CONVERSION = YES;
				GCC_WARN_ABOUT_RETURN_TYPE = YES_ERROR;
				GCC_WARN_UNDECLARED_SELECTOR = YES;
				GCC_WARN_UNINITIALIZED_AUTOS = YES_AGGRESSIVE;
				GCC_WARN_UNUSED_FUNCTION = YES;
				GCC_WARN_UNUSED_VARIABLE = YES;
				IPHONEOS_DEPLOYMENT_TARGET = 9.3;
				MTL_ENABLE_DEBUG_INFO = YES;
				ONLY_ACTIVE_ARCH = YES;
				SDKROOT = iphoneos;
				TARGETED_DEVICE_FAMILY = "1,2";
			};
			name = Debug;
		};
		842285E61D380EE100E88C36 /* Release */ = {
			isa = XCBuildConfiguration;
			buildSettings = {
				ALWAYS_SEARCH_USER_PATHS = NO;
				CLANG_ANALYZER_NONNULL = YES;
				CLANG_CXX_LANGUAGE_STANDARD = "gnu++0x";
				CLANG_CXX_LIBRARY = "libc++";
				CLANG_ENABLE_MODULES = YES;
				CLANG_ENABLE_OBJC_ARC = YES;
				CLANG_WARN_BOOL_CONVERSION = YES;
				CLANG_WARN_CONSTANT_CONVERSION = YES;
				CLANG_WARN_DIRECT_OBJC_ISA_USAGE = YES_ERROR;
				CLANG_WARN_EMPTY_BODY = YES;
				CLANG_WARN_ENUM_CONVERSION = YES;
				CLANG_WARN_INT_CONVERSION = YES;
				CLANG_WARN_OBJC_ROOT_CLASS = YES_ERROR;
				CLANG_WARN_UNREACHABLE_CODE = YES;
				CLANG_WARN__DUPLICATE_METHOD_MATCH = YES;
				"CODE_SIGN_IDENTITY[sdk=iphoneos*]" = "iPhone Developer";
				COPY_PHASE_STRIP = NO;
				DEBUG_INFORMATION_FORMAT = "dwarf-with-dsym";
				ENABLE_NS_ASSERTIONS = NO;
				ENABLE_STRICT_OBJC_MSGSEND = YES;
				GCC_C_LANGUAGE_STANDARD = gnu99;
				GCC_NO_COMMON_BLOCKS = YES;
				GCC_WARN_64_TO_32_BIT_CONVERSION = YES;
				GCC_WARN_ABOUT_RETURN_TYPE = YES_ERROR;
				GCC_WARN_UNDECLARED_SELECTOR = YES;
				GCC_WARN_UNINITIALIZED_AUTOS = YES_AGGRESSIVE;
				GCC_WARN_UNUSED_FUNCTION = YES;
				GCC_WARN_UNUSED_VARIABLE = YES;
				IPHONEOS_DEPLOYMENT_TARGET = 9.3;
				MTL_ENABLE_DEBUG_INFO = NO;
				SDKROOT = iphoneos;
				TARGETED_DEVICE_FAMILY = "1,2";
				VALIDATE_PRODUCT = YES;
			};
			name = Release;
		};
		842285E81D380EE100E88C36 /* Debug */ = {
			isa = XCBuildConfiguration;
			baseConfigurationReference = C8267F323C9664DC632317C3 /* Pods-iOSSlideMenuTestTask.debug.xcconfig */;
			buildSettings = {
				ASSETCATALOG_COMPILER_APPICON_NAME = AppIcon;
				INFOPLIST_FILE = iOSSlideMenuTestTask/Info.plist;
				LD_RUNPATH_SEARCH_PATHS = "$(inherited) @executable_path/Frameworks";
				PRODUCT_BUNDLE_IDENTIFIER = test.iOSSlideMenuTestTask;
				PRODUCT_NAME = "$(TARGET_NAME)";
			};
			name = Debug;
		};
		842285E91D380EE100E88C36 /* Release */ = {
			isa = XCBuildConfiguration;
			baseConfigurationReference = 739BC50E1EAFB2DA0FBB04A5 /* Pods-iOSSlideMenuTestTask.release.xcconfig */;
			buildSettings = {
				ASSETCATALOG_COMPILER_APPICON_NAME = AppIcon;
				INFOPLIST_FILE = iOSSlideMenuTestTask/Info.plist;
				LD_RUNPATH_SEARCH_PATHS = "$(inherited) @executable_path/Frameworks";
				PRODUCT_BUNDLE_IDENTIFIER = test.iOSSlideMenuTestTask;
				PRODUCT_NAME = "$(TARGET_NAME)";
			};
			name = Release;
		};
/* End XCBuildConfiguration section */

/* Begin XCConfigurationList section */
		842285CB1D380EE000E88C36 /* Build configuration list for PBXProject "iOSSlideMenuTestTask" */ = {
			isa = XCConfigurationList;
			buildConfigurations = (
				842285E51D380EE100E88C36 /* Debug */,
				842285E61D380EE100E88C36 /* Release */,
			);
			defaultConfigurationIsVisible = 0;
			defaultConfigurationName = Release;
		};
		842285E71D380EE100E88C36 /* Build configuration list for PBXNativeTarget "iOSSlideMenuTestTask" */ = {
			isa = XCConfigurationList;
			buildConfigurations = (
				842285E81D380EE100E88C36 /* Debug */,
				842285E91D380EE100E88C36 /* Release */,
			);
			defaultConfigurationIsVisible = 0;
			defaultConfigurationName = Release;
		};
/* End XCConfigurationList section */
	};
	rootObject = 842285C81D380EE000E88C36 /* Project object */;
}
